
Microsoft Visual Studio Solution File, Format Version 12.00
# Visual Studio Version 17
VisualStudioVersion = 17.3.32922.545
MinimumVisualStudioVersion = 10.0.40219.1
Project("{9A19103F-16F7-4668-BE54-9A1E7A4F7556}") = "listform", "listform\listform.csproj", "{81867078-C2F8-438C-9262-9EF55CF97774}"
EndProject
Project("{FAE04EC0-301F-11D3-BF4B-00C04F79EFBC}") = "lab9", "lab9\lab9.csproj", "{C41AE057-205C-49F1-AD1B-23C3BDB2CC68}"
EndProject
Global
	GlobalSection(SolutionConfigurationPlatforms) = preSolution
		Debug|Any CPU = Debug|Any CPU
		Release|Any CPU = Release|Any CPU
	EndGlobalSection
	GlobalSection(ProjectConfigurationPlatforms) = postSolution
		{81867078-C2F8-438C-9262-9EF55CF97774}.Debug|Any CPU.ActiveCfg = Debug|Any CPU
		{81867078-C2F8-438C-9262-9EF55CF97774}.Debug|Any CPU.Build.0 = Debug|Any CPU
		{81867078-C2F8-438C-9262-9EF55CF97774}.Release|Any CPU.ActiveCfg = Release|Any CPU
		{81867078-C2F8-438C-9262-9EF55CF97774}.Release|Any CPU.Build.0 = Release|Any CPU
		{C41AE057-205C-49F1-AD1B-23C3BDB2CC68}.Debug|Any CPU.ActiveCfg = Debug|Any CPU
		{C41AE057-205C-49F1-AD1B-23C3BDB2CC68}.Debug|Any CPU.Build.0 = Debug|Any CPU
		{C41AE057-205C-49F1-AD1B-23C3BDB2CC68}.Release|Any CPU.ActiveCfg = Release|Any CPU
		{C41AE057-205C-49F1-AD1B-23C3BDB2CC68}.Release|Any CPU.Build.0 = Release|Any CPU
	EndGlobalSection
	GlobalSection(SolutionProperties) = preSolution
		HideSolutionNode = FALSE
	EndGlobalSection
	GlobalSection(ExtensibilityGlobals) = postSolution
		SolutionGuid = {71F24AE3-339F-4645-AD92-F3FE16410215}
	EndGlobalSection
EndGlobal
