
Microsoft Visual Studio Solution File, Format Version 12.00
# Visual Studio Version 17
VisualStudioVersion = 17.3.32922.545
MinimumVisualStudioVersion = 10.0.40219.1
Project("{9A19103F-16F7-4668-BE54-9A1E7A4F7556}") = "Algosslab3", "Algosslab3\Algosslab3.csproj", "{DD29041B-A8EF-4AF5-8B47-D27E03C7C2DB}"
EndProject
Project("{FAE04EC0-301F-11D3-BF4B-00C04F79EFBC}") = "stemmingLib", "stemmingLib\stemmingLib.csproj", "{9E1339F4-60DA-4096-A7CB-3920E939A355}"
EndProject
Global
	GlobalSection(SolutionConfigurationPlatforms) = preSolution
		Debug|Any CPU = Debug|Any CPU
		Release|Any CPU = Release|Any CPU
	EndGlobalSection
	GlobalSection(ProjectConfigurationPlatforms) = postSolution
		{DD29041B-A8EF-4AF5-8B47-D27E03C7C2DB}.Debug|Any CPU.ActiveCfg = Debug|Any CPU
		{DD29041B-A8EF-4AF5-8B47-D27E03C7C2DB}.Debug|Any CPU.Build.0 = Debug|Any CPU
		{DD29041B-A8EF-4AF5-8B47-D27E03C7C2DB}.Release|Any CPU.ActiveCfg = Release|Any CPU
		{DD29041B-A8EF-4AF5-8B47-D27E03C7C2DB}.Release|Any CPU.Build.0 = Release|Any CPU
		{9E1339F4-60DA-4096-A7CB-3920E939A355}.Debug|Any CPU.ActiveCfg = Debug|Any CPU
		{9E1339F4-60DA-4096-A7CB-3920E939A355}.Debug|Any CPU.Build.0 = Debug|Any CPU
		{9E1339F4-60DA-4096-A7CB-3920E939A355}.Release|Any CPU.ActiveCfg = Release|Any CPU
		{9E1339F4-60DA-4096-A7CB-3920E939A355}.Release|Any CPU.Build.0 = Release|Any CPU
	EndGlobalSection
	GlobalSection(SolutionProperties) = preSolution
		HideSolutionNode = FALSE
	EndGlobalSection
	GlobalSection(ExtensibilityGlobals) = postSolution
		SolutionGuid = {45316EFC-0DE5-4D44-A861-8385A954E2EC}
	EndGlobalSection
EndGlobal
